
Microsoft Visual Studio Solution File, Format Version 12.00
# Visual Studio Version 16
VisualStudioVersion = 16.0.29123.88
MinimumVisualStudioVersion = 10.0.40219.1
Project("{FAE04EC0-301F-11D3-BF4B-00C04F79EFBC}") = "DaisORM", "DaisORM\DaisORM.csproj", "{66FB59B9-C446-49D6-804E-E265C452C5F2}"
EndProject
Project("{FAE04EC0-301F-11D3-BF4B-00C04F79EFBC}") = "Forms", "Forms\Forms.csproj", "{4686CCBA-345A-4B7E-8C8A-435682D1DDFF}"
EndProject
Global
	GlobalSection(SolutionConfigurationPlatforms) = preSolution
		Debug|Any CPU = Debug|Any CPU
		Release|Any CPU = Release|Any CPU
	EndGlobalSection
	GlobalSection(ProjectConfigurationPlatforms) = postSolution
		{66FB59B9-C446-49D6-804E-E265C452C5F2}.Debug|Any CPU.ActiveCfg = Debug|Any CPU
		{66FB59B9-C446-49D6-804E-E265C452C5F2}.Debug|Any CPU.Build.0 = Debug|Any CPU
		{66FB59B9-C446-49D6-804E-E265C452C5F2}.Release|Any CPU.ActiveCfg = Release|Any CPU
		{66FB59B9-C446-49D6-804E-E265C452C5F2}.Release|Any CPU.Build.0 = Release|Any CPU
		{4686CCBA-345A-4B7E-8C8A-435682D1DDFF}.Debug|Any CPU.ActiveCfg = Debug|Any CPU
		{4686CCBA-345A-4B7E-8C8A-435682D1DDFF}.Debug|Any CPU.Build.0 = Debug|Any CPU
		{4686CCBA-345A-4B7E-8C8A-435682D1DDFF}.Release|Any CPU.ActiveCfg = Release|Any CPU
		{4686CCBA-345A-4B7E-8C8A-435682D1DDFF}.Release|Any CPU.Build.0 = Release|Any CPU
	EndGlobalSection
	GlobalSection(SolutionProperties) = preSolution
		HideSolutionNode = FALSE
	EndGlobalSection
	GlobalSection(ExtensibilityGlobals) = postSolution
		SolutionGuid = {28781C95-D398-4CDC-ADF3-71ABA6B6FC56}
	EndGlobalSection
EndGlobal
